
Microsoft Visual Studio Solution File, Format Version 12.00
# Visual Studio 15
VisualStudioVersion = 15.0.28307.572
MinimumVisualStudioVersion = 10.0.40219.1
Project("{FAE04EC0-301F-11D3-BF4B-00C04F79EFBC}") = "requestCreator", "requestCreator\requestCreator.csproj", "{BACE13B8-3710-4BC3-8B8D-B64DD2985298}"
EndProject
Global
	GlobalSection(SolutionConfigurationPlatforms) = preSolution
		Debug|Any CPU = Debug|Any CPU
		Release|Any CPU = Release|Any CPU
	EndGlobalSection
	GlobalSection(ProjectConfigurationPlatforms) = postSolution
		{BACE13B8-3710-4BC3-8B8D-B64DD2985298}.Debug|Any CPU.ActiveCfg = Debug|Any CPU
		{BACE13B8-3710-4BC3-8B8D-B64DD2985298}.Debug|Any CPU.Build.0 = Debug|Any CPU
		{BACE13B8-3710-4BC3-8B8D-B64DD2985298}.Release|Any CPU.ActiveCfg = Release|Any CPU
		{BACE13B8-3710-4BC3-8B8D-B64DD2985298}.Release|Any CPU.Build.0 = Release|Any CPU
	EndGlobalSection
	GlobalSection(SolutionProperties) = preSolution
		HideSolutionNode = FALSE
	EndGlobalSection
	GlobalSection(ExtensibilityGlobals) = postSolution
		SolutionGuid = {BF8C014B-BFC0-4FE6-8FC9-1F10A7E84195}
	EndGlobalSection
EndGlobal
